
Microsoft Visual Studio Solution File, Format Version 12.00
# Visual Studio Version 16
VisualStudioVersion = 16.0.29728.190
MinimumVisualStudioVersion = 10.0.40219.1
Project("{FAE04EC0-301F-11D3-BF4B-00C04F79EFBC}") = "TinyToes", "TinyToes\TinyToes.csproj", "{CCF5C049-F4DD-403F-B5FD-FACC72D97992}"
EndProject
Global
	GlobalSection(SolutionConfigurationPlatforms) = preSolution
		Debug|Any CPU = Debug|Any CPU
		Release|Any CPU = Release|Any CPU
	EndGlobalSection
	GlobalSection(ProjectConfigurationPlatforms) = postSolution
		{CCF5C049-F4DD-403F-B5FD-FACC72D97992}.Debug|Any CPU.ActiveCfg = Debug|Any CPU
		{CCF5C049-F4DD-403F-B5FD-FACC72D97992}.Debug|Any CPU.Build.0 = Debug|Any CPU
		{CCF5C049-F4DD-403F-B5FD-FACC72D97992}.Release|Any CPU.ActiveCfg = Release|Any CPU
		{CCF5C049-F4DD-403F-B5FD-FACC72D97992}.Release|Any CPU.Build.0 = Release|Any CPU
	EndGlobalSection
	GlobalSection(SolutionProperties) = preSolution
		HideSolutionNode = FALSE
	EndGlobalSection
	GlobalSection(ExtensibilityGlobals) = postSolution
		SolutionGuid = {A0656EE0-6D21-407C-8AA5-32FD16EEAC06}
	EndGlobalSection
EndGlobal
